// !$*UTF8*$!
{
	archiveVersion = 1;
	classes = {
	};
	objectVersion = 50;
	objects = {

/* Begin PBXBuildFile section */
		3011544920E0FB2400D70115 /* AppDelegate.swift in Sources */ = {isa = PBXBuildFile; fileRef = 3011544820E0FB2400D70115 /* AppDelegate.swift */; };
		3011544B20E0FB2400D70115 /* ViewController.swift in Sources */ = {isa = PBXBuildFile; fileRef = 3011544A20E0FB2400D70115 /* ViewController.swift */; };
		3011544E20E0FB2400D70115 /* Main.storyboard in Resources */ = {isa = PBXBuildFile; fileRef = 3011544C20E0FB2400D70115 /* Main.storyboard */; };
		3011545020E0FB2500D70115 /* Assets.xcassets in Resources */ = {isa = PBXBuildFile; fileRef = 3011544F20E0FB2500D70115 /* Assets.xcassets */; };
		3011545320E0FB2500D70115 /* LaunchScreen.storyboard in Resources */ = {isa = PBXBuildFile; fileRef = 3011545120E0FB2500D70115 /* LaunchScreen.storyboard */; };
		3011545E20E0FB2500D70115 /* XCTestTestTests.swift in Sources */ = {isa = PBXBuildFile; fileRef = 3011545D20E0FB2500D70115 /* XCTestTestTests.swift */; };
		3011546920E0FB4300D70115 /* Coupon.swift in Sources */ = {isa = PBXBuildFile; fileRef = 3011546820E0FB4300D70115 /* Coupon.swift */; };
/* End PBXBuildFile section */

/* Begin PBXContainerItemProxy section */
		3011545A20E0FB2500D70115 /* PBXContainerItemProxy */ = {
			isa = PBXContainerItemProxy;
			containerPortal = 3011543D20E0FB2400D70115 /* Project object */;
			proxyType = 1;
			remoteGlobalIDString = 3011544420E0FB2400D70115;
			remoteInfo = XCTestTest;
		};
/* End PBXContainerItemProxy section */

/* Begin PBXFileReference section */
		3011544520E0FB2400D70115 /* XCTestTest.app */ = {isa = PBXFileReference; explicitFileType = wrapper.application; includeInIndex = 0; path = XCTestTest.app; sourceTree = BUILT_PRODUCTS_DIR; };
		3011544820E0FB2400D70115 /* AppDelegate.swift */ = {isa = PBXFileReference; lastKnownFileType = sourcecode.swift; path = AppDelegate.swift; sourceTree = "<group>"; };
		3011544A20E0FB2400D70115 /* ViewController.swift */ = {isa = PBXFileReference; lastKnownFileType = sourcecode.swift; path = ViewController.swift; sourceTree = "<group>"; };
		3011544D20E0FB2400D70115 /* Base */ = {isa = PBXFileReference; lastKnownFileType = file.storyboard; name = Base; path = Base.lproj/Main.storyboard; sourceTree = "<group>"; };
		3011544F20E0FB2500D70115 /* Assets.xcassets */ = {isa = PBXFileReference; lastKnownFileType = folder.assetcatalog; path = Assets.xcassets; sourceTree = "<group>"; };
		3011545220E0FB2500D70115 /* Base */ = {isa = PBXFileReference; lastKnownFileType = file.storyboard; name = Base; path = Base.lproj/LaunchScreen.storyboard; sourceTree = "<group>"; };
		3011545420E0FB2500D70115 /* Info.plist */ = {isa = PBXFileReference; lastKnownFileType = text.plist.xml; path = Info.plist; sourceTree = "<group>"; };
		3011545920E0FB2500D70115 /* XCTestTestTests.xctest */ = {isa = PBXFileReference; explicitFileType = wrapper.cfbundle; includeInIndex = 0; path = XCTestTestTests.xctest; sourceTree = BUILT_PRODUCTS_DIR; };
		3011545D20E0FB2500D70115 /* XCTestTestTests.swift */ = {isa = PBXFileReference; lastKnownFileType = sourcecode.swift; path = XCTestTestTests.swift; sourceTree = "<group>"; };
		3011545F20E0FB2500D70115 /* Info.plist */ = {isa = PBXFileReference; lastKnownFileType = text.plist.xml; path = Info.plist; sourceTree = "<group>"; };
		3011546820E0FB4300D70115 /* Coupon.swift */ = {isa = PBXFileReference; lastKnownFileType = sourcecode.swift; path = Coupon.swift; sourceTree = "<group>"; };
/* End PBXFileReference section */

/* Begin PBXFrameworksBuildPhase section */
		3011544220E0FB2400D70115 /* Frameworks */ = {
			isa = PBXFrameworksBuildPhase;
			buildActionMask = 2147483647;
			files = (
			);
			runOnlyForDeploymentPostprocessing = 0;
		};
		3011545620E0FB2500D70115 /* Frameworks */ = {
			isa = PBXFrameworksBuildPhase;
			buildActionMask = 2147483647;
			files = (
			);
			runOnlyForDeploymentPostprocessing = 0;
		};
/* End PBXFrameworksBuildPhase section */

/* Begin PBXGroup section */
		3011543C20E0FB2400D70115 = {
			isa = PBXGroup;
			children = (
				3011544720E0FB2400D70115 /* XCTestTest */,
				3011545C20E0FB2500D70115 /* XCTestTestTests */,
				3011544620E0FB2400D70115 /* Products */,
			);
			sourceTree = "<group>";
		};
		3011544620E0FB2400D70115 /* Products */ = {
			isa = PBXGroup;
			children = (
				3011544520E0FB2400D70115 /* XCTestTest.app */,
				3011545920E0FB2500D70115 /* XCTestTestTests.xctest */,
			);
			name = Products;
			sourceTree = "<group>";
		};
		3011544720E0FB2400D70115 /* XCTestTest */ = {
			isa = PBXGroup;
			children = (
				3011544820E0FB2400D70115 /* AppDelegate.swift */,
				3011544A20E0FB2400D70115 /* ViewController.swift */,
				3011544C20E0FB2400D70115 /* Main.storyboard */,
				3011544F20E0FB2500D70115 /* Assets.xcassets */,
				3011545120E0FB2500D70115 /* LaunchScreen.storyboard */,
				3011545420E0FB2500D70115 /* Info.plist */,
				3011546820E0FB4300D70115 /* Coupon.swift */,
			);
			path = XCTestTest;
			sourceTree = "<group>";
		};
		3011545C20E0FB2500D70115 /* XCTestTestTests */ = {
			isa = PBXGroup;
			children = (
				3011545D20E0FB2500D70115 /* XCTestTestTests.swift */,
				3011545F20E0FB2500D70115 /* Info.plist */,
			);
			path = XCTestTestTests;
			sourceTree = "<group>";
		};
/* End PBXGroup section */

/* Begin PBXNativeTarget section */
		3011544420E0FB2400D70115 /* XCTestTest */ = {
			isa = PBXNativeTarget;
			buildConfigurationList = 3011546220E0FB2500D70115 /* Build configuration list for PBXNativeTarget "XCTestTest" */;
			buildPhases = (
				3011544120E0FB2400D70115 /* Sources */,
				3011544220E0FB2400D70115 /* Frameworks */,
				3011544320E0FB2400D70115 /* Resources */,
			);
			buildRules = (
			);
			dependencies = (
			);
			name = XCTestTest;
			productName = XCTestTest;
			productReference = 3011544520E0FB2400D70115 /* XCTestTest.app */;
			productType = "com.apple.product-type.application";
		};
		3011545820E0FB2500D70115 /* XCTestTestTests */ = {
			isa = PBXNativeTarget;
			buildConfigurationList = 3011546520E0FB2500D70115 /* Build configuration list for PBXNativeTarget "XCTestTestTests" */;
			buildPhases = (
				3011545520E0FB2500D70115 /* Sources */,
				3011545620E0FB2500D70115 /* Frameworks */,
				3011545720E0FB2500D70115 /* Resources */,
			);
			buildRules = (
			);
			dependencies = (
				3011545B20E0FB2500D70115 /* PBXTargetDependency */,
			);
			name = XCTestTestTests;
			productName = XCTestTestTests;
			productReference = 3011545920E0FB2500D70115 /* XCTestTestTests.xctest */;
			productType = "com.apple.product-type.bundle.unit-test";
		};
/* End PBXNativeTarget section */

/* Begin PBXProject section */
		3011543D20E0FB2400D70115 /* Project object */ = {
			isa = PBXProject;
			attributes = {
				LastSwiftUpdateCheck = 1000;
				LastUpgradeCheck = 1000;
				ORGANIZATIONNAME = "Matt Eaton";
				TargetAttributes = {
					3011544420E0FB2400D70115 = {
						CreatedOnToolsVersion = 10.0;
					};
					3011545820E0FB2500D70115 = {
						CreatedOnToolsVersion = 10.0;
						TestTargetID = 3011544420E0FB2400D70115;
					};
				};
			};
			buildConfigurationList = 3011544020E0FB2400D70115 /* Build configuration list for PBXProject "XCTestTest" */;
			compatibilityVersion = "Xcode 9.3";
			developmentRegion = en;
			hasScannedForEncodings = 0;
			knownRegions = (
				en,
				Base,
			);
			mainGroup = 3011543C20E0FB2400D70115;
			productRefGroup = 3011544620E0FB2400D70115 /* Products */;
			projectDirPath = "";
			projectRoot = "";
			targets = (
				3011544420E0FB2400D70115 /* XCTestTest */,
				3011545820E0FB2500D70115 /* XCTestTestTests */,
			);
		};
/* End PBXProject section */

/* Begin PBXResourcesBuildPhase section */
		3011544320E0FB2400D70115 /* Resources */ = {
			isa = PBXResourcesBuildPhase;
			buildActionMask = 2147483647;
			files = (
				3011545320E0FB2500D70115 /* LaunchScreen.storyboard in Resources */,
				3011545020E0FB2500D70115 /* Assets.xcassets in Resources */,
				3011544E20E0FB2400D70115 /* Main.storyboard in Resources */,
			);
			runOnlyForDeploymentPostprocessing = 0;
		};
		3011545720E0FB2500D70115 /* Resources */ = {
			isa = PBXResourcesBuildPhase;
			buildActionMask = 2147483647;
			files = (
			);
			runOnlyForDeploymentPostprocessing = 0;
		};
/* End PBXResourcesBuildPhase section */

/* Begin PBXSourcesBuildPhase section */
		3011544120E0FB2400D70115 /* Sources */ = {
			isa = PBXSourcesBuildPhase;
			buildActionMask = 2147483647;
			files = (
				3011546920E0FB4300D70115 /* Coupon.swift in Sources */,
				3011544B20E0FB2400D70115 /* ViewController.swift in Sources */,
				3011544920E0FB2400D70115 /* AppDelegate.swift in Sources */,
			);
			runOnlyForDeploymentPostprocessing = 0;
		};
		3011545520E0FB2500D70115 /* Sources */ = {
			isa = PBXSourcesBuildPhase;
			buildActionMask = 2147483647;
			files = (
				3011545E20E0FB2500D70115 /* XCTestTestTests.swift in Sources */,
			);
			runOnlyForDeploymentPostprocessing = 0;
		};
/* End PBXSourcesBuildPhase section */

/* Begin PBXTargetDependency section */
		3011545B20E0FB2500D70115 /* PBXTargetDependency */ = {
			isa = PBXTargetDependency;
			target = 3011544420E0FB2400D70115 /* XCTestTest */;
			targetProxy = 3011545A20E0FB2500D70115 /* PBXContainerItemProxy */;
		};
/* End PBXTargetDependency section */

/* Begin PBXVariantGroup section */
		3011544C20E0FB2400D70115 /* Main.storyboard */ = {
			isa = PBXVariantGroup;
			children = (
				3011544D20E0FB2400D70115 /* Base */,
			);
			name = Main.storyboard;
			sourceTree = "<group>";
		};
		3011545120E0FB2500D70115 /* LaunchScreen.storyboard */ = {
			isa = PBXVariantGroup;
			children = (
				3011545220E0FB2500D70115 /* Base */,
			);
			name = LaunchScreen.storyboard;
			sourceTree = "<group>";
		};
/* End PBXVariantGroup section */

/* Begin XCBuildConfiguration section */
		3011546020E0FB2500D70115 /* Debug */ = {
			isa = XCBuildConfiguration;
			buildSettings = {
				ALWAYS_SEARCH_USER_PATHS = NO;
				CLANG_ANALYZER_NONNULL = YES;
				CLANG_ANALYZER_NUMBER_OBJECT_CONVERSION = YES_AGGRESSIVE;
				CLANG_CXX_LANGUAGE_STANDARD = "gnu++14";
				CLANG_CXX_LIBRARY = "libc++";
				CLANG_ENABLE_MODULES = YES;
				CLANG_ENABLE_OBJC_ARC = YES;
				CLANG_ENABLE_OBJC_WEAK = YES;
				CLANG_WARN_BLOCK_CAPTURE_AUTORELEASING = YES;
				CLANG_WARN_BOOL_CONVERSION = YES;
				CLANG_WARN_COMMA = YES;
				CLANG_WARN_CONSTANT_CONVERSION = YES;
				CLANG_WARN_DEPRECATED_OBJC_IMPLEMENTATIONS = YES;
				CLANG_WARN_DIRECT_OBJC_ISA_USAGE = YES_ERROR;
				CLANG_WARN_DOCUMENTATION_COMMENTS = YES;
				CLANG_WARN_EMPTY_BODY = YES;
				CLANG_WARN_ENUM_CONVERSION = YES;
				CLANG_WARN_INFINITE_RECURSION = YES;
				CLANG_WARN_INT_CONVERSION = YES;
				CLANG_WARN_NON_LITERAL_NULL_CONVERSION = YES;
				CLANG_WARN_OBJC_IMPLICIT_RETAIN_SELF = YES;
				CLANG_WARN_OBJC_LITERAL_CONVERSION = YES;
				CLANG_WARN_OBJC_ROOT_CLASS = YES_ERROR;
				CLANG_WARN_RANGE_LOOP_ANALYSIS = YES;
				CLANG_WARN_STRICT_PROTOTYPES = YES;
				CLANG_WARN_SUSPICIOUS_MOVE = YES;
				CLANG_WARN_UNGUARDED_AVAILABILITY = YES_AGGRESSIVE;
				CLANG_WARN_UNREACHABLE_CODE = YES;
				CLANG_WARN__DUPLICATE_METHOD_MATCH = YES;
				CODE_SIGN_IDENTITY = "iPhone Developer";
				COPY_PHASE_STRIP = NO;
				DEBUG_INFORMATION_FORMAT = dwarf;
				ENABLE_STRICT_OBJC_MSGSEND = YES;
				ENABLE_TESTABILITY = YES;
				GCC_C_LANGUAGE_STANDARD = gnu11;
				GCC_DYNAMIC_NO_PIC = NO;
				GCC_NO_COMMON_BLOCKS = YES;
				GCC_OPTIMIZATION_LEVEL = 0;
				GCC_PREPROCESSOR_DEFINITIONS = (
					"DEBUG=1",
					"$(inherited)",
				);
				GCC_WARN_64_TO_32_BIT_CONVERSION = YES;
				GCC_WARN_ABOUT_RETURN_TYPE = YES_ERROR;
				GCC_WARN_UNDECLARED_SELECTOR = YES;
				GCC_WARN_UNINITIALIZED_AUTOS = YES_AGGRESSIVE;
				GCC_WARN_UNUSED_FUNCTION = YES;
				GCC_WARN_UNUSED_VARIABLE = YES;
				IPHONEOS_DEPLOYMENT_TARGET = 12.0;
				MTL_ENABLE_DEBUG_INFO = INCLUDE_SOURCE;
				ONLY_ACTIVE_ARCH = YES;
				SDKROOT = iphoneos;
				SWIFT_ACTIVE_COMPILATION_CONDITIONS = DEBUG;
				SWIFT_OPTIMIZATION_LEVEL = "-Onone";
			};
			name = Debug;
		};
		3011546120E0FB2500D70115 /* Release */ = {
			isa = XCBuildConfiguration;
			buildSettings = {
				ALWAYS_SEARCH_USER_PATHS = NO;
				CLANG_ANALYZER_NONNULL = YES;
				CLANG_ANALYZER_NUMBER_OBJECT_CONVERSION = YES_AGGRESSIVE;
				CLANG_CXX_LANGUAGE_STANDARD = "gnu++14";
				CLANG_CXX_LIBRARY = "libc++";
				CLANG_ENABLE_MODULES = YES;
				CLANG_ENABLE_OBJC_ARC = YES;
				CLANG_ENABLE_OBJC_WEAK = YES;
				CLANG_WARN_BLOCK_CAPTURE_AUTORELEASING = YES;
				CLANG_WARN_BOOL_CONVERSION = YES;
				CLANG_WARN_COMMA = YES;
				CLANG_WARN_CONSTANT_CONVERSION = YES;
				CLANG_WARN_DEPRECATED_OBJC_IMPLEMENTATIONS = YES;
				CLANG_WARN_DIRECT_OBJC_ISA_USAGE = YES_ERROR;
				CLANG_WARN_DOCUMENTATION_COMMENTS = YES;
				CLANG_WARN_EMPTY_BODY = YES;
				CLANG_WARN_ENUM_CONVERSION = YES;
				CLANG_WARN_INFINITE_RECURSION = YES;
				CLANG_WARN_INT_CONVERSION = YES;
				CLANG_WARN_NON_LITERAL_NULL_CONVERSION = YES;
				CLANG_WARN_OBJC_IMPLICIT_RETAIN_SELF = YES;
				CLANG_WARN_OBJC_LITERAL_CONVERSION = YES;
				CLANG_WARN_OBJC_ROOT_CLASS = YES_ERROR;
				CLANG_WARN_RANGE_LOOP_ANALYSIS = YES;
				CLANG_WARN_STRICT_PROTOTYPES = YES;
				CLANG_WARN_SUSPICIOUS_MOVE = YES;
				CLANG_WARN_UNGUARDED_AVAILABILITY = YES_AGGRESSIVE;
				CLANG_WARN_UNREACHABLE_CODE = YES;
				CLANG_WARN__DUPLICATE_METHOD_MATCH = YES;
				CODE_SIGN_IDENTITY = "iPhone Developer";
				COPY_PHASE_STRIP = NO;
				DEBUG_INFORMATION_FORMAT = "dwarf-with-dsym";
				ENABLE_NS_ASSERTIONS = NO;
				ENABLE_STRICT_OBJC_MSGSEND = YES;
				GCC_C_LANGUAGE_STANDARD = gnu11;
				GCC_NO_COMMON_BLOCKS = YES;
				GCC_WARN_64_TO_32_BIT_CONVERSION = YES;
				GCC_WARN_ABOUT_RETURN_TYPE = YES_ERROR;
				GCC_WARN_UNDECLARED_SELECTOR = YES;
				GCC_WARN_UNINITIALIZED_AUTOS = YES_AGGRESSIVE;
				GCC_WARN_UNUSED_FUNCTION = YES;
				GCC_WARN_UNUSED_VARIABLE = YES;
				IPHONEOS_DEPLOYMENT_TARGET = 12.0;
				MTL_ENABLE_DEBUG_INFO = NO;
				SDKROOT = iphoneos;
				SWIFT_COMPILATION_MODE = wholemodule;
				SWIFT_OPTIMIZATION_LEVEL = "-O";
				VALIDATE_PRODUCT = YES;
			};
			name = Release;
		};
		3011546320E0FB2500D70115 /* Debug */ = {
			isa = XCBuildConfiguration;
			buildSettings = {
				ASSETCATALOG_COMPILER_APPICON_NAME = AppIcon;
				CODE_SIGN_STYLE = Automatic;
				DEVELOPMENT_TEAM = T7FGJ7JWEU;
				INFOPLIST_FILE = XCTestTest/Info.plist;
				LD_RUNPATH_SEARCH_PATHS = (
					"$(inherited)",
					"@executable_path/Frameworks",
				);
				PRODUCT_BUNDLE_IDENTIFIER = com.agnosticdev.XCTestTest;
				PRODUCT_NAME = "$(TARGET_NAME)";
				SWIFT_VERSION = 4.2;
				TARGETED_DEVICE_FAMILY = "1,2";
			};
			name = Debug;
		};
		3011546420E0FB2500D70115 /* Release */ = {
			isa = XCBuildConfiguration;
			buildSettings = {
				ASSETCATALOG_COMPILER_APPICON_NAME = AppIcon;
				CODE_SIGN_STYLE = Automatic;
				DEVELOPMENT_TEAM = T7FGJ7JWEU;
				INFOPLIST_FILE = XCTestTest/Info.plist;
				LD_RUNPATH_SEARCH_PATHS = (
					"$(inherited)",
					"@executable_path/Frameworks",
				);
				PRODUCT_BUNDLE_IDENTIFIER = com.agnosticdev.XCTestTest;
				PRODUCT_NAME = "$(TARGET_NAME)";
				SWIFT_VERSION = 4.2;
				TARGETED_DEVICE_FAMILY = "1,2";
			};
			name = Release;
		};
		3011546620E0FB2500D70115 /* Debug */ = {
			isa = XCBuildConfiguration;
			buildSettings = {
				ALWAYS_EMBED_SWIFT_STANDARD_LIBRARIES = YES;
				BUNDLE_LOADER = "$(TEST_HOST)";
				CODE_SIGN_STYLE = Automatic;
				DEVELOPMENT_TEAM = T7FGJ7JWEU;
				INFOPLIST_FILE = XCTestTestTests/Info.plist;
				LD_RUNPATH_SEARCH_PATHS = (
					"$(inherited)",
					"@executable_path/Frameworks",
					"@loader_path/Frameworks",
				);
				PRODUCT_BUNDLE_IDENTIFIER = com.agnosticdev.XCTestTestTests;
				PRODUCT_NAME = "$(TARGET_NAME)";
				SWIFT_VERSION = 4.2;
				TARGETED_DEVICE_FAMILY = "1,2";
				TEST_HOST = "$(BUILT_PRODUCTS_DIR)/XCTestTest.app/XCTestTest";
			};
			name = Debug;
		};
		3011546720E0FB2500D70115 /* Release */ = {
			isa = XCBuildConfiguration;
			buildSettings = {
				ALWAYS_EMBED_SWIFT_STANDARD_LIBRARIES = YES;
				BUNDLE_LOADER = "$(TEST_HOST)";
				CODE_SIGN_STYLE = Automatic;
				DEVELOPMENT_TEAM = T7FGJ7JWEU;
				INFOPLIST_FILE = XCTestTestTests/Info.plist;
				LD_RUNPATH_SEARCH_PATHS = (
					"$(inherited)",
					"@executable_path/Frameworks",
					"@loader_path/Frameworks",
				);
				PRODUCT_BUNDLE_IDENTIFIER = com.agnosticdev.XCTestTestTests;
				PRODUCT_NAME = "$(TARGET_NAME)";
				SWIFT_VERSION = 4.2;
				TARGETED_DEVICE_FAMILY = "1,2";
				TEST_HOST = "$(BUILT_PRODUCTS_DIR)/XCTestTest.app/XCTestTest";
			};
			name = Release;
		};
/* End XCBuildConfiguration section */

/* Begin XCConfigurationList section */
		3011544020E0FB2400D70115 /* Build configuration list for PBXProject "XCTestTest" */ = {
			isa = XCConfigurationList;
			buildConfigurations = (
				3011546020E0FB2500D70115 /* Debug */,
				3011546120E0FB2500D70115 /* Release */,
			);
			defaultConfigurationIsVisible = 0;
			defaultConfigurationName = Release;
		};
		3011546220E0FB2500D70115 /* Build configuration list for PBXNativeTarget "XCTestTest" */ = {
			isa = XCConfigurationList;
			buildConfigurations = (
				3011546320E0FB2500D70115 /* Debug */,
				3011546420E0FB2500D70115 /* Release */,
			);
			defaultConfigurationIsVisible = 0;
			defaultConfigurationName = Release;
		};
		3011546520E0FB2500D70115 /* Build configuration list for PBXNativeTarget "XCTestTestTests" */ = {
			isa = XCConfigurationList;
			buildConfigurations = (
				3011546620E0FB2500D70115 /* Debug */,
				3011546720E0FB2500D70115 /* Release */,
			);
			defaultConfigurationIsVisible = 0;
			defaultConfigurationName = Release;
		};
/* End XCConfigurationList section */
	};
	rootObject = 3011543D20E0FB2400D70115 /* Project object */;
}
