// !$*UTF8*$!
{
	archiveVersion = 1;
	classes = {
	};
	objectVersion = 50;
	objects = {

/* Begin PBXBuildFile section */
		30167C1B22AE7A5D008AA28C /* NetworkManager+Requests.swift in Sources */ = {isa = PBXBuildFile; fileRef = 30167C1A22AE7A5D008AA28C /* NetworkManager+Requests.swift */; };
		30167C2022AF3CAF008AA28C /* main.swift in Sources */ = {isa = PBXBuildFile; fileRef = 30167C1F22AF3CAF008AA28C /* main.swift */; };
		30167C2222AF4B63008AA28C /* AutomaticLinkConditioner.swift in Sources */ = {isa = PBXBuildFile; fileRef = 30167C2122AF4B63008AA28C /* AutomaticLinkConditioner.swift */; };
		30243A2422AD768E0076CF79 /* AppDelegate.swift in Sources */ = {isa = PBXBuildFile; fileRef = 30243A2322AD768E0076CF79 /* AppDelegate.swift */; };
		30243A2622AD768E0076CF79 /* SceneDelegate.swift in Sources */ = {isa = PBXBuildFile; fileRef = 30243A2522AD768E0076CF79 /* SceneDelegate.swift */; };
		30243A2822AD768E0076CF79 /* ViewController.swift in Sources */ = {isa = PBXBuildFile; fileRef = 30243A2722AD768E0076CF79 /* ViewController.swift */; };
		30243A2B22AD768E0076CF79 /* Main.storyboard in Resources */ = {isa = PBXBuildFile; fileRef = 30243A2922AD768E0076CF79 /* Main.storyboard */; };
		30243A2D22AD76920076CF79 /* Assets.xcassets in Resources */ = {isa = PBXBuildFile; fileRef = 30243A2C22AD76920076CF79 /* Assets.xcassets */; };
		30243A3022AD76920076CF79 /* LaunchScreen.storyboard in Resources */ = {isa = PBXBuildFile; fileRef = 30243A2E22AD76920076CF79 /* LaunchScreen.storyboard */; };
		30243A3B22AD76920076CF79 /* AutomaticLinkConditionerTests.swift in Sources */ = {isa = PBXBuildFile; fileRef = 30243A3A22AD76920076CF79 /* AutomaticLinkConditionerTests.swift */; };
		30243AEF22ADD9DB0076CF79 /* NetworkManager.swift in Sources */ = {isa = PBXBuildFile; fileRef = 30243AEE22ADD9DB0076CF79 /* NetworkManager.swift */; };
		30F4C87C22AFCF4C008AC483 /* Network.framework in Frameworks */ = {isa = PBXBuildFile; fileRef = 30F4C87B22AFCF4C008AC483 /* Network.framework */; };
/* End PBXBuildFile section */

/* Begin PBXContainerItemProxy section */
		30243A3722AD76920076CF79 /* PBXContainerItemProxy */ = {
			isa = PBXContainerItemProxy;
			containerPortal = 30243A1822AD768E0076CF79 /* Project object */;
			proxyType = 1;
			remoteGlobalIDString = 30243A1F22AD768E0076CF79;
			remoteInfo = AutomaticLinkConditioner;
		};
/* End PBXContainerItemProxy section */

/* Begin PBXFileReference section */
		30167C1622AE7A1C008AA28C /* AutomaticLinkConditioner-Bridging-Header.h */ = {isa = PBXFileReference; lastKnownFileType = sourcecode.c.h; path = "AutomaticLinkConditioner-Bridging-Header.h"; sourceTree = "<group>"; };
		30167C1A22AE7A5D008AA28C /* NetworkManager+Requests.swift */ = {isa = PBXFileReference; lastKnownFileType = sourcecode.swift; path = "NetworkManager+Requests.swift"; sourceTree = "<group>"; };
		30167C1F22AF3CAF008AA28C /* main.swift */ = {isa = PBXFileReference; lastKnownFileType = sourcecode.swift; path = main.swift; sourceTree = "<group>"; };
		30167C2122AF4B63008AA28C /* AutomaticLinkConditioner.swift */ = {isa = PBXFileReference; lastKnownFileType = sourcecode.swift; path = AutomaticLinkConditioner.swift; sourceTree = "<group>"; };
		30243A2022AD768E0076CF79 /* AutomaticLinkConditioner.app */ = {isa = PBXFileReference; explicitFileType = wrapper.application; includeInIndex = 0; path = AutomaticLinkConditioner.app; sourceTree = BUILT_PRODUCTS_DIR; };
		30243A2322AD768E0076CF79 /* AppDelegate.swift */ = {isa = PBXFileReference; lastKnownFileType = sourcecode.swift; path = AppDelegate.swift; sourceTree = "<group>"; };
		30243A2522AD768E0076CF79 /* SceneDelegate.swift */ = {isa = PBXFileReference; lastKnownFileType = sourcecode.swift; path = SceneDelegate.swift; sourceTree = "<group>"; };
		30243A2722AD768E0076CF79 /* ViewController.swift */ = {isa = PBXFileReference; lastKnownFileType = sourcecode.swift; path = ViewController.swift; sourceTree = "<group>"; };
		30243A2A22AD768E0076CF79 /* Base */ = {isa = PBXFileReference; lastKnownFileType = file.storyboard; name = Base; path = Base.lproj/Main.storyboard; sourceTree = "<group>"; };
		30243A2C22AD76920076CF79 /* Assets.xcassets */ = {isa = PBXFileReference; lastKnownFileType = folder.assetcatalog; path = Assets.xcassets; sourceTree = "<group>"; };
		30243A2F22AD76920076CF79 /* Base */ = {isa = PBXFileReference; lastKnownFileType = file.storyboard; name = Base; path = Base.lproj/LaunchScreen.storyboard; sourceTree = "<group>"; };
		30243A3122AD76920076CF79 /* Info.plist */ = {isa = PBXFileReference; lastKnownFileType = text.plist.xml; path = Info.plist; sourceTree = "<group>"; };
		30243A3622AD76920076CF79 /* AutomaticLinkConditionerTests.xctest */ = {isa = PBXFileReference; explicitFileType = wrapper.cfbundle; includeInIndex = 0; path = AutomaticLinkConditionerTests.xctest; sourceTree = BUILT_PRODUCTS_DIR; };
		30243A3A22AD76920076CF79 /* AutomaticLinkConditionerTests.swift */ = {isa = PBXFileReference; lastKnownFileType = sourcecode.swift; path = AutomaticLinkConditionerTests.swift; sourceTree = "<group>"; };
		30243A3C22AD76920076CF79 /* Info.plist */ = {isa = PBXFileReference; lastKnownFileType = text.plist.xml; path = Info.plist; sourceTree = "<group>"; };
		30243A4522AD76990076CF79 /* AutomaticLinkConditioner.entitlements */ = {isa = PBXFileReference; lastKnownFileType = text.plist.entitlements; path = AutomaticLinkConditioner.entitlements; sourceTree = "<group>"; };
		30243AEE22ADD9DB0076CF79 /* NetworkManager.swift */ = {isa = PBXFileReference; lastKnownFileType = sourcecode.swift; path = NetworkManager.swift; sourceTree = "<group>"; };
		30F4C87B22AFCF4C008AC483 /* Network.framework */ = {isa = PBXFileReference; lastKnownFileType = wrapper.framework; name = Network.framework; path = System/Library/Frameworks/Network.framework; sourceTree = SDKROOT; };
/* End PBXFileReference section */

/* Begin PBXFrameworksBuildPhase section */
		30243A1D22AD768E0076CF79 /* Frameworks */ = {
			isa = PBXFrameworksBuildPhase;
			buildActionMask = 2147483647;
			files = (
				30F4C87C22AFCF4C008AC483 /* Network.framework in Frameworks */,
			);
			runOnlyForDeploymentPostprocessing = 0;
		};
		30243A3322AD76920076CF79 /* Frameworks */ = {
			isa = PBXFrameworksBuildPhase;
			buildActionMask = 2147483647;
			files = (
			);
			runOnlyForDeploymentPostprocessing = 0;
		};
/* End PBXFrameworksBuildPhase section */

/* Begin PBXGroup section */
		30243A1722AD768E0076CF79 = {
			isa = PBXGroup;
			children = (
				30243A2222AD768E0076CF79 /* AutomaticLinkConditioner */,
				30243A3922AD76920076CF79 /* AutomaticLinkConditionerTests */,
				30243A2122AD768E0076CF79 /* Products */,
				30F4C87A22AFCF4B008AC483 /* Frameworks */,
			);
			sourceTree = "<group>";
		};
		30243A2122AD768E0076CF79 /* Products */ = {
			isa = PBXGroup;
			children = (
				30243A2022AD768E0076CF79 /* AutomaticLinkConditioner.app */,
				30243A3622AD76920076CF79 /* AutomaticLinkConditionerTests.xctest */,
			);
			name = Products;
			sourceTree = "<group>";
		};
		30243A2222AD768E0076CF79 /* AutomaticLinkConditioner */ = {
			isa = PBXGroup;
			children = (
				30243A2322AD768E0076CF79 /* AppDelegate.swift */,
				30A62BEE22AE754F00DE3C2F /* Network */,
				30A62BF122AE75A100DE3C2F /* Storyboards */,
				30A62BF022AE758700DE3C2F /* SupportingFiles */,
				30A62BEF22AE756A00DE3C2F /* ViewControllers */,
			);
			path = AutomaticLinkConditioner;
			sourceTree = "<group>";
		};
		30243A3922AD76920076CF79 /* AutomaticLinkConditionerTests */ = {
			isa = PBXGroup;
			children = (
				30243A3A22AD76920076CF79 /* AutomaticLinkConditionerTests.swift */,
				30243A3C22AD76920076CF79 /* Info.plist */,
			);
			path = AutomaticLinkConditionerTests;
			sourceTree = "<group>";
		};
		30A62BEE22AE754F00DE3C2F /* Network */ = {
			isa = PBXGroup;
			children = (
				30243AEE22ADD9DB0076CF79 /* NetworkManager.swift */,
				30167C1A22AE7A5D008AA28C /* NetworkManager+Requests.swift */,
			);
			path = Network;
			sourceTree = "<group>";
		};
		30A62BEF22AE756A00DE3C2F /* ViewControllers */ = {
			isa = PBXGroup;
			children = (
				30243A2522AD768E0076CF79 /* SceneDelegate.swift */,
				30243A2722AD768E0076CF79 /* ViewController.swift */,
			);
			path = ViewControllers;
			sourceTree = "<group>";
		};
		30A62BF022AE758700DE3C2F /* SupportingFiles */ = {
			isa = PBXGroup;
			children = (
				30243A4522AD76990076CF79 /* AutomaticLinkConditioner.entitlements */,
				30167C1622AE7A1C008AA28C /* AutomaticLinkConditioner-Bridging-Header.h */,
				30243A2C22AD76920076CF79 /* Assets.xcassets */,
				30243A3122AD76920076CF79 /* Info.plist */,
				30167C1F22AF3CAF008AA28C /* main.swift */,
				30167C2122AF4B63008AA28C /* AutomaticLinkConditioner.swift */,
			);
			path = SupportingFiles;
			sourceTree = "<group>";
		};
		30A62BF122AE75A100DE3C2F /* Storyboards */ = {
			isa = PBXGroup;
			children = (
				30243A2922AD768E0076CF79 /* Main.storyboard */,
				30243A2E22AD76920076CF79 /* LaunchScreen.storyboard */,
			);
			path = Storyboards;
			sourceTree = "<group>";
		};
		30F4C87A22AFCF4B008AC483 /* Frameworks */ = {
			isa = PBXGroup;
			children = (
				30F4C87B22AFCF4C008AC483 /* Network.framework */,
			);
			name = Frameworks;
			sourceTree = "<group>";
		};
/* End PBXGroup section */

/* Begin PBXNativeTarget section */
		30243A1F22AD768E0076CF79 /* AutomaticLinkConditioner */ = {
			isa = PBXNativeTarget;
			buildConfigurationList = 30243A3F22AD76920076CF79 /* Build configuration list for PBXNativeTarget "AutomaticLinkConditioner" */;
			buildPhases = (
				30243A1C22AD768E0076CF79 /* Sources */,
				30243A1D22AD768E0076CF79 /* Frameworks */,
				30243A1E22AD768E0076CF79 /* Resources */,
			);
			buildRules = (
			);
			dependencies = (
			);
			name = AutomaticLinkConditioner;
			productName = AutomaticLinkConditioner;
			productReference = 30243A2022AD768E0076CF79 /* AutomaticLinkConditioner.app */;
			productType = "com.apple.product-type.application";
		};
		30243A3522AD76920076CF79 /* AutomaticLinkConditionerTests */ = {
			isa = PBXNativeTarget;
			buildConfigurationList = 30243A4222AD76920076CF79 /* Build configuration list for PBXNativeTarget "AutomaticLinkConditionerTests" */;
			buildPhases = (
				30243A3222AD76920076CF79 /* Sources */,
				30243A3322AD76920076CF79 /* Frameworks */,
				30243A3422AD76920076CF79 /* Resources */,
			);
			buildRules = (
			);
			dependencies = (
				30243A3822AD76920076CF79 /* PBXTargetDependency */,
			);
			name = AutomaticLinkConditionerTests;
			productName = AutomaticLinkConditionerTests;
			productReference = 30243A3622AD76920076CF79 /* AutomaticLinkConditionerTests.xctest */;
			productType = "com.apple.product-type.bundle.unit-test";
		};
/* End PBXNativeTarget section */

/* Begin PBXProject section */
		30243A1822AD768E0076CF79 /* Project object */ = {
			isa = PBXProject;
			attributes = {
				LastSwiftUpdateCheck = 1100;
				LastUpgradeCheck = 1100;
				ORGANIZATIONNAME = "Matt Eaton";
				TargetAttributes = {
					30243A1F22AD768E0076CF79 = {
						CreatedOnToolsVersion = 11.0;
						LastSwiftMigration = 1100;
					};
					30243A3522AD76920076CF79 = {
						CreatedOnToolsVersion = 11.0;
						TestTargetID = 30243A1F22AD768E0076CF79;
					};
				};
			};
			buildConfigurationList = 30243A1B22AD768E0076CF79 /* Build configuration list for PBXProject "AutomaticLinkConditioner" */;
			compatibilityVersion = "Xcode 9.3";
			developmentRegion = en;
			hasScannedForEncodings = 0;
			knownRegions = (
				en,
				Base,
			);
			mainGroup = 30243A1722AD768E0076CF79;
			productRefGroup = 30243A2122AD768E0076CF79 /* Products */;
			projectDirPath = "";
			projectRoot = "";
			targets = (
				30243A1F22AD768E0076CF79 /* AutomaticLinkConditioner */,
				30243A3522AD76920076CF79 /* AutomaticLinkConditionerTests */,
			);
		};
/* End PBXProject section */

/* Begin PBXResourcesBuildPhase section */
		30243A1E22AD768E0076CF79 /* Resources */ = {
			isa = PBXResourcesBuildPhase;
			buildActionMask = 2147483647;
			files = (
				30243A3022AD76920076CF79 /* LaunchScreen.storyboard in Resources */,
				30243A2D22AD76920076CF79 /* Assets.xcassets in Resources */,
				30243A2B22AD768E0076CF79 /* Main.storyboard in Resources */,
			);
			runOnlyForDeploymentPostprocessing = 0;
		};
		30243A3422AD76920076CF79 /* Resources */ = {
			isa = PBXResourcesBuildPhase;
			buildActionMask = 2147483647;
			files = (
			);
			runOnlyForDeploymentPostprocessing = 0;
		};
/* End PBXResourcesBuildPhase section */

/* Begin PBXSourcesBuildPhase section */
		30243A1C22AD768E0076CF79 /* Sources */ = {
			isa = PBXSourcesBuildPhase;
			buildActionMask = 2147483647;
			files = (
				30167C2222AF4B63008AA28C /* AutomaticLinkConditioner.swift in Sources */,
				30243AEF22ADD9DB0076CF79 /* NetworkManager.swift in Sources */,
				30243A2822AD768E0076CF79 /* ViewController.swift in Sources */,
				30167C2022AF3CAF008AA28C /* main.swift in Sources */,
				30167C1B22AE7A5D008AA28C /* NetworkManager+Requests.swift in Sources */,
				30243A2422AD768E0076CF79 /* AppDelegate.swift in Sources */,
				30243A2622AD768E0076CF79 /* SceneDelegate.swift in Sources */,
			);
			runOnlyForDeploymentPostprocessing = 0;
		};
		30243A3222AD76920076CF79 /* Sources */ = {
			isa = PBXSourcesBuildPhase;
			buildActionMask = 2147483647;
			files = (
				30243A3B22AD76920076CF79 /* AutomaticLinkConditionerTests.swift in Sources */,
			);
			runOnlyForDeploymentPostprocessing = 0;
		};
/* End PBXSourcesBuildPhase section */

/* Begin PBXTargetDependency section */
		30243A3822AD76920076CF79 /* PBXTargetDependency */ = {
			isa = PBXTargetDependency;
			target = 30243A1F22AD768E0076CF79 /* AutomaticLinkConditioner */;
			targetProxy = 30243A3722AD76920076CF79 /* PBXContainerItemProxy */;
		};
/* End PBXTargetDependency section */

/* Begin PBXVariantGroup section */
		30243A2922AD768E0076CF79 /* Main.storyboard */ = {
			isa = PBXVariantGroup;
			children = (
				30243A2A22AD768E0076CF79 /* Base */,
			);
			name = Main.storyboard;
			sourceTree = "<group>";
		};
		30243A2E22AD76920076CF79 /* LaunchScreen.storyboard */ = {
			isa = PBXVariantGroup;
			children = (
				30243A2F22AD76920076CF79 /* Base */,
			);
			name = LaunchScreen.storyboard;
			sourceTree = "<group>";
		};
/* End PBXVariantGroup section */

/* Begin XCBuildConfiguration section */
		30243A3D22AD76920076CF79 /* Debug */ = {
			isa = XCBuildConfiguration;
			buildSettings = {
				ALWAYS_SEARCH_USER_PATHS = NO;
				CLANG_ANALYZER_NONNULL = YES;
				CLANG_ANALYZER_NUMBER_OBJECT_CONVERSION = YES_AGGRESSIVE;
				CLANG_CXX_LANGUAGE_STANDARD = "gnu++14";
				CLANG_CXX_LIBRARY = "libc++";
				CLANG_ENABLE_MODULES = YES;
				CLANG_ENABLE_OBJC_ARC = YES;
				CLANG_ENABLE_OBJC_WEAK = YES;
				CLANG_WARN_BLOCK_CAPTURE_AUTORELEASING = YES;
				CLANG_WARN_BOOL_CONVERSION = YES;
				CLANG_WARN_COMMA = YES;
				CLANG_WARN_CONSTANT_CONVERSION = YES;
				CLANG_WARN_DEPRECATED_OBJC_IMPLEMENTATIONS = YES;
				CLANG_WARN_DIRECT_OBJC_ISA_USAGE = YES_ERROR;
				CLANG_WARN_DOCUMENTATION_COMMENTS = YES;
				CLANG_WARN_EMPTY_BODY = YES;
				CLANG_WARN_ENUM_CONVERSION = YES;
				CLANG_WARN_INFINITE_RECURSION = YES;
				CLANG_WARN_INT_CONVERSION = YES;
				CLANG_WARN_NON_LITERAL_NULL_CONVERSION = YES;
				CLANG_WARN_OBJC_IMPLICIT_RETAIN_SELF = YES;
				CLANG_WARN_OBJC_LITERAL_CONVERSION = YES;
				CLANG_WARN_OBJC_ROOT_CLASS = YES_ERROR;
				CLANG_WARN_RANGE_LOOP_ANALYSIS = YES;
				CLANG_WARN_STRICT_PROTOTYPES = YES;
				CLANG_WARN_SUSPICIOUS_MOVE = YES;
				CLANG_WARN_UNGUARDED_AVAILABILITY = YES_AGGRESSIVE;
				CLANG_WARN_UNREACHABLE_CODE = YES;
				CLANG_WARN__DUPLICATE_METHOD_MATCH = YES;
				COPY_PHASE_STRIP = NO;
				DEBUG_INFORMATION_FORMAT = dwarf;
				ENABLE_STRICT_OBJC_MSGSEND = YES;
				ENABLE_TESTABILITY = YES;
				GCC_C_LANGUAGE_STANDARD = gnu11;
				GCC_DYNAMIC_NO_PIC = NO;
				GCC_NO_COMMON_BLOCKS = YES;
				GCC_OPTIMIZATION_LEVEL = 0;
				GCC_PREPROCESSOR_DEFINITIONS = (
					"DEBUG=1",
					"$(inherited)",
				);
				GCC_WARN_64_TO_32_BIT_CONVERSION = YES;
				GCC_WARN_ABOUT_RETURN_TYPE = YES_ERROR;
				GCC_WARN_UNDECLARED_SELECTOR = YES;
				GCC_WARN_UNINITIALIZED_AUTOS = YES_AGGRESSIVE;
				GCC_WARN_UNUSED_FUNCTION = YES;
				GCC_WARN_UNUSED_VARIABLE = YES;
				IPHONEOS_DEPLOYMENT_TARGET = 13.0;
				MTL_ENABLE_DEBUG_INFO = INCLUDE_SOURCE;
				MTL_FAST_MATH = YES;
				ONLY_ACTIVE_ARCH = YES;
				SDKROOT = iphoneos;
				SWIFT_ACTIVE_COMPILATION_CONDITIONS = DEBUG;
				SWIFT_OPTIMIZATION_LEVEL = "-Onone";
			};
			name = Debug;
		};
		30243A3E22AD76920076CF79 /* Release */ = {
			isa = XCBuildConfiguration;
			buildSettings = {
				ALWAYS_SEARCH_USER_PATHS = NO;
				CLANG_ANALYZER_NONNULL = YES;
				CLANG_ANALYZER_NUMBER_OBJECT_CONVERSION = YES_AGGRESSIVE;
				CLANG_CXX_LANGUAGE_STANDARD = "gnu++14";
				CLANG_CXX_LIBRARY = "libc++";
				CLANG_ENABLE_MODULES = YES;
				CLANG_ENABLE_OBJC_ARC = YES;
				CLANG_ENABLE_OBJC_WEAK = YES;
				CLANG_WARN_BLOCK_CAPTURE_AUTORELEASING = YES;
				CLANG_WARN_BOOL_CONVERSION = YES;
				CLANG_WARN_COMMA = YES;
				CLANG_WARN_CONSTANT_CONVERSION = YES;
				CLANG_WARN_DEPRECATED_OBJC_IMPLEMENTATIONS = YES;
				CLANG_WARN_DIRECT_OBJC_ISA_USAGE = YES_ERROR;
				CLANG_WARN_DOCUMENTATION_COMMENTS = YES;
				CLANG_WARN_EMPTY_BODY = YES;
				CLANG_WARN_ENUM_CONVERSION = YES;
				CLANG_WARN_INFINITE_RECURSION = YES;
				CLANG_WARN_INT_CONVERSION = YES;
				CLANG_WARN_NON_LITERAL_NULL_CONVERSION = YES;
				CLANG_WARN_OBJC_IMPLICIT_RETAIN_SELF = YES;
				CLANG_WARN_OBJC_LITERAL_CONVERSION = YES;
				CLANG_WARN_OBJC_ROOT_CLASS = YES_ERROR;
				CLANG_WARN_RANGE_LOOP_ANALYSIS = YES;
				CLANG_WARN_STRICT_PROTOTYPES = YES;
				CLANG_WARN_SUSPICIOUS_MOVE = YES;
				CLANG_WARN_UNGUARDED_AVAILABILITY = YES_AGGRESSIVE;
				CLANG_WARN_UNREACHABLE_CODE = YES;
				CLANG_WARN__DUPLICATE_METHOD_MATCH = YES;
				COPY_PHASE_STRIP = NO;
				DEBUG_INFORMATION_FORMAT = "dwarf-with-dsym";
				ENABLE_NS_ASSERTIONS = NO;
				ENABLE_STRICT_OBJC_MSGSEND = YES;
				GCC_C_LANGUAGE_STANDARD = gnu11;
				GCC_NO_COMMON_BLOCKS = YES;
				GCC_WARN_64_TO_32_BIT_CONVERSION = YES;
				GCC_WARN_ABOUT_RETURN_TYPE = YES_ERROR;
				GCC_WARN_UNDECLARED_SELECTOR = YES;
				GCC_WARN_UNINITIALIZED_AUTOS = YES_AGGRESSIVE;
				GCC_WARN_UNUSED_FUNCTION = YES;
				GCC_WARN_UNUSED_VARIABLE = YES;
				IPHONEOS_DEPLOYMENT_TARGET = 13.0;
				MTL_ENABLE_DEBUG_INFO = NO;
				MTL_FAST_MATH = YES;
				SDKROOT = iphoneos;
				SWIFT_COMPILATION_MODE = wholemodule;
				SWIFT_OPTIMIZATION_LEVEL = "-O";
				VALIDATE_PRODUCT = YES;
			};
			name = Release;
		};
		30243A4022AD76920076CF79 /* Debug */ = {
			isa = XCBuildConfiguration;
			buildSettings = {
				ASSETCATALOG_COMPILER_APPICON_NAME = AppIcon;
				CLANG_ALLOW_NON_MODULAR_INCLUDES_IN_FRAMEWORK_MODULES = NO;
				CLANG_CXX_LANGUAGE_STANDARD = "gnu++14";
				CLANG_ENABLE_MODULES = YES;
				CODE_SIGN_ENTITLEMENTS = AutomaticLinkConditioner/AutomaticLinkConditioner.entitlements;
				CODE_SIGN_STYLE = Automatic;
				DERIVE_UIKITFORMAC_PRODUCT_BUNDLE_IDENTIFIER = YES;
				DEVELOPMENT_TEAM = X9A2SMA492;
				"ENABLE_HARDENED_RUNTIME[sdk=macosx*]" = YES;
				INFOPLIST_FILE = "$(SRCROOT)/AutomaticLinkConditioner/SupportingFiles/Info.plist";
				LD_RUNPATH_SEARCH_PATHS = (
					"$(inherited)",
					"@executable_path/Frameworks",
				);
				PRODUCT_BUNDLE_IDENTIFIER = com.agnosticdev.AutomaticLinkConditioner;
				PRODUCT_NAME = "$(TARGET_NAME)";
				SUPPORTS_UIKITFORMAC = YES;
				SWIFT_OBJC_BRIDGING_HEADER = "AutomaticLinkConditioner/SupportingFiles/AutomaticLinkConditioner-Bridging-Header.h";
				SWIFT_OPTIMIZATION_LEVEL = "-Onone";
				SWIFT_VERSION = 5.0;
				TARGETED_DEVICE_FAMILY = "1,2";
			};
			name = Debug;
		};
		30243A4122AD76920076CF79 /* Release */ = {
			isa = XCBuildConfiguration;
			buildSettings = {
				ASSETCATALOG_COMPILER_APPICON_NAME = AppIcon;
				CLANG_ALLOW_NON_MODULAR_INCLUDES_IN_FRAMEWORK_MODULES = NO;
				CLANG_CXX_LANGUAGE_STANDARD = "gnu++14";
				CLANG_ENABLE_MODULES = YES;
				CODE_SIGN_ENTITLEMENTS = AutomaticLinkConditioner/AutomaticLinkConditioner.entitlements;
				CODE_SIGN_STYLE = Automatic;
				DERIVE_UIKITFORMAC_PRODUCT_BUNDLE_IDENTIFIER = YES;
				DEVELOPMENT_TEAM = X9A2SMA492;
				"ENABLE_HARDENED_RUNTIME[sdk=macosx*]" = YES;
				INFOPLIST_FILE = "$(SRCROOT)/AutomaticLinkConditioner/SupportingFiles/Info.plist";
				LD_RUNPATH_SEARCH_PATHS = (
					"$(inherited)",
					"@executable_path/Frameworks",
				);
				PRODUCT_BUNDLE_IDENTIFIER = com.agnosticdev.AutomaticLinkConditioner;
				PRODUCT_NAME = "$(TARGET_NAME)";
				SUPPORTS_UIKITFORMAC = YES;
				SWIFT_OBJC_BRIDGING_HEADER = "AutomaticLinkConditioner/SupportingFiles/AutomaticLinkConditioner-Bridging-Header.h";
				SWIFT_VERSION = 5.0;
				TARGETED_DEVICE_FAMILY = "1,2";
			};
			name = Release;
		};
		30243A4322AD76920076CF79 /* Debug */ = {
			isa = XCBuildConfiguration;
			buildSettings = {
				ALWAYS_EMBED_SWIFT_STANDARD_LIBRARIES = YES;
				BUNDLE_LOADER = "$(TEST_HOST)";
				CODE_SIGN_STYLE = Automatic;
				DEVELOPMENT_TEAM = X9A2SMA492;
				INFOPLIST_FILE = AutomaticLinkConditionerTests/Info.plist;
				LD_RUNPATH_SEARCH_PATHS = (
					"$(inherited)",
					"@executable_path/Frameworks",
					"@loader_path/Frameworks",
				);
				PRODUCT_BUNDLE_IDENTIFIER = com.agnosticdev.AutomaticLinkConditionerTests;
				PRODUCT_NAME = "$(TARGET_NAME)";
				SWIFT_VERSION = 5.0;
				TARGETED_DEVICE_FAMILY = "1,2";
				TEST_HOST = "$(BUILT_PRODUCTS_DIR)/AutomaticLinkConditioner.app/AutomaticLinkConditioner";
			};
			name = Debug;
		};
		30243A4422AD76920076CF79 /* Release */ = {
			isa = XCBuildConfiguration;
			buildSettings = {
				ALWAYS_EMBED_SWIFT_STANDARD_LIBRARIES = YES;
				BUNDLE_LOADER = "$(TEST_HOST)";
				CODE_SIGN_STYLE = Automatic;
				DEVELOPMENT_TEAM = X9A2SMA492;
				INFOPLIST_FILE = AutomaticLinkConditionerTests/Info.plist;
				LD_RUNPATH_SEARCH_PATHS = (
					"$(inherited)",
					"@executable_path/Frameworks",
					"@loader_path/Frameworks",
				);
				PRODUCT_BUNDLE_IDENTIFIER = com.agnosticdev.AutomaticLinkConditionerTests;
				PRODUCT_NAME = "$(TARGET_NAME)";
				SWIFT_VERSION = 5.0;
				TARGETED_DEVICE_FAMILY = "1,2";
				TEST_HOST = "$(BUILT_PRODUCTS_DIR)/AutomaticLinkConditioner.app/AutomaticLinkConditioner";
			};
			name = Release;
		};
/* End XCBuildConfiguration section */

/* Begin XCConfigurationList section */
		30243A1B22AD768E0076CF79 /* Build configuration list for PBXProject "AutomaticLinkConditioner" */ = {
			isa = XCConfigurationList;
			buildConfigurations = (
				30243A3D22AD76920076CF79 /* Debug */,
				30243A3E22AD76920076CF79 /* Release */,
			);
			defaultConfigurationIsVisible = 0;
			defaultConfigurationName = Release;
		};
		30243A3F22AD76920076CF79 /* Build configuration list for PBXNativeTarget "AutomaticLinkConditioner" */ = {
			isa = XCConfigurationList;
			buildConfigurations = (
				30243A4022AD76920076CF79 /* Debug */,
				30243A4122AD76920076CF79 /* Release */,
			);
			defaultConfigurationIsVisible = 0;
			defaultConfigurationName = Release;
		};
		30243A4222AD76920076CF79 /* Build configuration list for PBXNativeTarget "AutomaticLinkConditionerTests" */ = {
			isa = XCConfigurationList;
			buildConfigurations = (
				30243A4322AD76920076CF79 /* Debug */,
				30243A4422AD76920076CF79 /* Release */,
			);
			defaultConfigurationIsVisible = 0;
			defaultConfigurationName = Release;
		};
/* End XCConfigurationList section */
	};
	rootObject = 30243A1822AD768E0076CF79 /* Project object */;
}
